{
  "name": "nodeapp",
  "version": "1.0.0",
  "lockfileVersion": 1,
  "requires": true,
  "dependencies": {
    "cheeta-lib-11112": {
      "version": "1.1.1",
      "resolved": "https://registry.npmjs.org/cheeta-lib-11112/-/cheeta-lib-11112-1.1.1.tgz",
      "integrity": "sha512-tlhDywfz4y3gO8f+E0Ju+tCqGGyukaKq4X5S5RZ80iXF4X/bylUKwarTRScmFshspBwrvr9mDOxupeeoIO+RHA=="
    }
  }
}
